<Solution>
  <Folder Name="/01/">
    <Project Path="IsNumberOddOrNot/IsNumberOddOrNot.csproj" />
  </Folder>
  <Folder Name="/02/">
    <Project Path="TheGreathestNumber/TheGreathestNumber.csproj" />
  </Folder>
  <Folder Name="/03/">
    <Project Path="SortNumbers/SortNumbers.csproj" />
  </Folder>
  <Folder Name="/04/">
    <Project Path="IsMultilpeOfAnother/IsMultilpeOfAnother.csproj" />
  </Folder>
  <Folder Name="/05/">
    <Project Path="IsLeapYear/IsLeapYear.csproj" />
  </Folder>
  <Folder Name="/Shared/">
    <Project Path="Shared/Shared.csproj" />
  </Folder>
  <Folder Name="/Taller Herencia/">
    <Project Path="Backend/Backend.csproj" />
    <Project Path="Frotend/Frontend.csproj" />
  </Folder>
</Solution>
